# This file is automatically @generated by Poetry and should not be changed by hand.

[[package]]
name = "aniso8601"
version = "9.0.1"
description = "A library for parsing ISO 8601 strings."
category = "main"
optional = false
python-versions = "*"
files = [
    {file = "aniso8601-9.0.1-py2.py3-none-any.whl", hash = "sha256:1d2b7ef82963909e93c4f24ce48d4de9e66009a21bf1c1e1c85bdd0812fe412f"},
    {file = "aniso8601-9.0.1.tar.gz", hash = "sha256:72e3117667eedf66951bb2d93f4296a56b94b078a8a95905a052611fb3f1b973"},
]

[package.extras]
dev = ["black", "coverage", "isort", "pre-commit", "pyenchant", "pylint"]

[[package]]
name = "anyio"
version = "3.6.2"
description = "High level compatibility layer for multiple asynchronous event loop implementations"
category = "main"
optional = false
python-versions = ">=3.6.2"
files = [
    {file = "anyio-3.6.2-py3-none-any.whl", hash = "sha256:fbbe32bd270d2a2ef3ed1c5d45041250284e31fc0a4df4a5a6071842051a51e3"},
    {file = "anyio-3.6.2.tar.gz", hash = "sha256:25ea0d673ae30af41a0c442f81cf3b38c7e79fdc7b60335a4c14e05eb0947421"},
]

[package.dependencies]
idna = ">=2.8"
sniffio = ">=1.1"

[package.extras]
doc = ["packaging", "sphinx-autodoc-typehints (>=1.2.0)", "sphinx-rtd-theme"]
test = ["contextlib2", "coverage[toml] (>=4.5)", "hypothesis (>=4.0)", "mock (>=4)", "pytest (>=7.0)", "pytest-mock (>=3.6.1)", "trustme", "uvloop (<0.15)", "uvloop (>=0.15)"]
trio = ["trio (>=0.16,<0.22)"]

[[package]]
name = "asgiref"
version = "3.6.0"
description = "ASGI specs, helper code, and adapters"
category = "main"
optional = false
python-versions = ">=3.7"
files = [
    {file = "asgiref-3.6.0-py3-none-any.whl", hash = "sha256:71e68008da809b957b7ee4b43dbccff33d1b23519fb8344e33f049897077afac"},
    {file = "asgiref-3.6.0.tar.gz", hash = "sha256:9567dfe7bd8d3c8c892227827c41cce860b368104c3431da67a0c5a65a949506"},
]

[package.extras]
tests = ["mypy (>=0.800)", "pytest", "pytest-asyncio"]

[[package]]
name = "click"
version = "8.1.3"
description = "Composable command line interface toolkit"
category = "main"
optional = false
python-versions = ">=3.7"
files = [
    {file = "click-8.1.3-py3-none-any.whl", hash = "sha256:bb4d8133cb15a609f44e8213d9b391b0809795062913b383c62be0ee95b1db48"},
    {file = "click-8.1.3.tar.gz", hash = "sha256:7682dc8afb30297001674575ea00d1814d808d6a36af415a82bd481d37ba7b8e"},
]

[package.dependencies]
colorama = {version = "*", markers = "platform_system == \"Windows\""}

[[package]]
name = "colorama"
version = "0.4.6"
description = "Cross-platform colored terminal text."
category = "main"
optional = false
python-versions = "!=3.0.*,!=3.1.*,!=3.2.*,!=3.3.*,!=3.4.*,!=3.5.*,!=3.6.*,>=2.7"
files = [
    {file = "colorama-0.4.6-py2.py3-none-any.whl", hash = "sha256:4f1d9991f5acc0ca119f9d443620b77f9d6b33703e51011c16baf57afb285fc6"},
    {file = "colorama-0.4.6.tar.gz", hash = "sha256:08695f5cb7ed6e0531a20572697297273c47b8cae5a63ffc6d6ed5c201be6e44"},
]

[[package]]
name = "django"
version = "4.1.5"
description = "A high-level Python web framework that encourages rapid development and clean, pragmatic design."
category = "main"
optional = false
python-versions = ">=3.8"
files = [
    {file = "Django-4.1.5-py3-none-any.whl", hash = "sha256:4b214a05fe4c99476e99e2445c8b978c8369c18d4dea8e22ec412862715ad763"},
    {file = "Django-4.1.5.tar.gz", hash = "sha256:ff56ebd7ead0fd5dbe06fe157b0024a7aaea2e0593bb3785fb594cf94dad58ef"},
]

[package.dependencies]
asgiref = ">=3.5.2,<4"
sqlparse = ">=0.2.2"
tzdata = {version = "*", markers = "sys_platform == \"win32\""}

[package.extras]
argon2 = ["argon2-cffi (>=19.1.0)"]
bcrypt = ["bcrypt"]

[[package]]
name = "django-cors-headers"
version = "3.13.0"
description = "django-cors-headers is a Django application for handling the server headers required for Cross-Origin Resource Sharing (CORS)."
category = "main"
optional = false
python-versions = ">=3.7"
files = [
    {file = "django-cors-headers-3.13.0.tar.gz", hash = "sha256:f9dc6b4e3f611c3199700b3e5f3398c28757dcd559c2f82932687f3d0443cfdf"},
    {file = "django_cors_headers-3.13.0-py3-none-any.whl", hash = "sha256:37e42883b5f1f2295df6b4bba96eb2417a14a03270cb24b2a07f021cd4487cf4"},
]

[package.dependencies]
Django = ">=3.2"

[[package]]
name = "djangorestframework"
version = "3.14.0"
description = "Web APIs for Django, made easy."
category = "main"
optional = false
python-versions = ">=3.6"
files = [
    {file = "djangorestframework-3.14.0-py3-none-any.whl", hash = "sha256:eb63f58c9f218e1a7d064d17a70751f528ed4e1d35547fdade9aaf4cd103fd08"},
    {file = "djangorestframework-3.14.0.tar.gz", hash = "sha256:579a333e6256b09489cbe0a067e66abe55c6595d8926be6b99423786334350c8"},
]

[package.dependencies]
django = ">=3.0"
pytz = "*"

[[package]]
name = "graphene"
version = "3.2.1"
description = "GraphQL Framework for Python"
category = "main"
optional = false
python-versions = "*"
files = [
    {file = "graphene-3.2.1-py2.py3-none-any.whl", hash = "sha256:2ef689f514ba9e65e88961798cf4c637ca580e541168f9aee2ffbe21fd46f388"},
    {file = "graphene-3.2.1.tar.gz", hash = "sha256:722243a9da2caeab703b1af9ec0deec602589c97035f86c486106a52d0c67082"},
]

[package.dependencies]
aniso8601 = ">=8,<10"
graphql-core = ">=3.1,<3.3"
graphql-relay = ">=3.1,<3.3"

[package.extras]
dev = ["black (==22.3.0)", "coveralls (>=3.3,<4)", "flake8 (>=4,<5)", "iso8601 (>=1,<2)", "mock (>=4,<5)", "pytest (>=6,<7)", "pytest-asyncio (>=0.16,<2)", "pytest-benchmark (>=3.4,<4)", "pytest-cov (>=3,<4)", "pytest-mock (>=3,<4)", "pytz (==2022.1)", "snapshottest (>=0.6,<1)"]
test = ["coveralls (>=3.3,<4)", "iso8601 (>=1,<2)", "mock (>=4,<5)", "pytest (>=6,<7)", "pytest-asyncio (>=0.16,<2)", "pytest-benchmark (>=3.4,<4)", "pytest-cov (>=3,<4)", "pytest-mock (>=3,<4)", "pytz (==2022.1)", "snapshottest (>=0.6,<1)"]

[[package]]
name = "graphene-django"
version = "3.0.0"
description = "Graphene Django integration"
category = "main"
optional = false
python-versions = "*"
files = [
    {file = "graphene-django-3.0.0.tar.gz", hash = "sha256:018a8dc4736d99b5bb4a15d7fd0b46c98010e9201cb52a290f6d1f16ae6fefda"},
    {file = "graphene_django-3.0.0-py2.py3-none-any.whl", hash = "sha256:9fa531d319d5c8f9e08274628f547574ee684e74dddd1c969abf38142bc32df2"},
]

[package.dependencies]
Django = ">=3.2"
graphene = ">=3.0,<4"
graphql-core = ">=3.1.0,<4"
graphql-relay = ">=3.1.1,<4"
promise = ">=2.1"
text-unidecode = "*"

[package.extras]
dev = ["black (==22.8.0)", "coveralls", "django-filter (>=22.1)", "djangorestframework (>=3.6.3)", "flake8 (==5.0.4)", "flake8-black (==0.3.3)", "flake8-bugbear (==22.9.11)", "mock", "pytest (>=7.1.3)", "pytest-cov", "pytest-django (>=4.5.2)", "pytest-random-order", "pytz"]
rest-framework = ["djangorestframework (>=3.6.3)"]
test = ["coveralls", "django-filter (>=22.1)", "djangorestframework (>=3.6.3)", "mock", "pytest (>=7.1.3)", "pytest-cov", "pytest-django (>=4.5.2)", "pytest-random-order", "pytz"]

[[package]]
name = "graphql-core"
version = "3.2.3"
description = "GraphQL implementation for Python, a port of GraphQL.js, the JavaScript reference implementation for GraphQL."
category = "main"
optional = false
python-versions = ">=3.6,<4"
files = [
    {file = "graphql-core-3.2.3.tar.gz", hash = "sha256:06d2aad0ac723e35b1cb47885d3e5c45e956a53bc1b209a9fc5369007fe46676"},
    {file = "graphql_core-3.2.3-py3-none-any.whl", hash = "sha256:5766780452bd5ec8ba133f8bf287dc92713e3868ddd83aee4faab9fc3e303dc3"},
]

[[package]]
name = "graphql-relay"
version = "3.2.0"
description = "Relay library for graphql-core"
category = "main"
optional = false
python-versions = ">=3.6,<4"
files = [
    {file = "graphql-relay-3.2.0.tar.gz", hash = "sha256:1ff1c51298356e481a0be009ccdff249832ce53f30559c1338f22a0e0d17250c"},
    {file = "graphql_relay-3.2.0-py3-none-any.whl", hash = "sha256:c9b22bd28b170ba1fe674c74384a8ff30a76c8e26f88ac3aa1584dd3179953e5"},
]

[package.dependencies]
graphql-core = ">=3.2,<3.3"

[[package]]
name = "h11"
version = "0.14.0"
description = "A pure-Python, bring-your-own-I/O implementation of HTTP/1.1"
category = "main"
optional = false
python-versions = ">=3.7"
files = [
    {file = "h11-0.14.0-py3-none-any.whl", hash = "sha256:e3fe4ac4b851c468cc8363d500db52c2ead036020723024a109d37346efaa761"},
    {file = "h11-0.14.0.tar.gz", hash = "sha256:8f19fbbe99e72420ff35c00b27a34cb9937e902a8b810e2c88300c6f0a3b699d"},
]

[[package]]
name = "idna"
version = "3.4"
description = "Internationalized Domain Names in Applications (IDNA)"
category = "main"
optional = false
python-versions = ">=3.5"
files = [
    {file = "idna-3.4-py3-none-any.whl", hash = "sha256:90b77e79eaa3eba6de819a0c442c0b4ceefc341a7a2ab77d7562bf49f425c5c2"},
    {file = "idna-3.4.tar.gz", hash = "sha256:814f528e8dead7d329833b91c5faa87d60bf71824cd12a7530b5526063d02cb4"},
]

[[package]]
name = "libcst"
version = "0.4.9"
description = "A concrete syntax tree with AST-like properties for Python 3.5, 3.6, 3.7, 3.8, 3.9, and 3.10 programs."
category = "main"
optional = false
python-versions = ">=3.7"
files = [
    {file = "libcst-0.4.9-cp310-cp310-macosx_10_9_x86_64.whl", hash = "sha256:4f9e42085c403e22201e5c41e707ef73e4ea910ad9fc67983ceee2368097f54e"},
    {file = "libcst-0.4.9-cp310-cp310-macosx_11_0_arm64.whl", hash = "sha256:1266530bf840cc40633a04feb578bb4cac1aa3aea058cc3729e24eab09a8e996"},
    {file = "libcst-0.4.9-cp310-cp310-manylinux_2_17_aarch64.manylinux2014_aarch64.whl", hash = "sha256:f9679177391ccb9b0cdde3185c22bf366cb672457c4b7f4031fcb3b5e739fbd6"},
    {file = "libcst-0.4.9-cp310-cp310-manylinux_2_17_x86_64.manylinux2014_x86_64.whl", hash = "sha256:d67bc87e0d8db9434f2ea063734938a320f541f4c6da1074001e372f840f385d"},
    {file = "libcst-0.4.9-cp310-cp310-manylinux_2_5_i686.manylinux1_i686.manylinux_2_17_i686.manylinux2014_i686.whl", hash = "sha256:e316da5a126f2a9e1d7680f95f907b575f082a35e2f8bd5620c59b2aaaebfe0a"},
    {file = "libcst-0.4.9-cp310-cp310-win_amd64.whl", hash = "sha256:7415569ab998a85b0fc9af3a204611ea7fadb2d719a12532c448f8fc98f5aca4"},
    {file = "libcst-0.4.9-cp311-cp311-macosx_10_9_x86_64.whl", hash = "sha256:15ded11ff7f4572f91635e02b519ae959f782689fdb4445bbebb7a3cc5c71d75"},
    {file = "libcst-0.4.9-cp311-cp311-macosx_11_0_arm64.whl", hash = "sha256:5b266867b712a120fad93983de432ddb2ccb062eb5fd2bea748c9a94cb200c36"},
    {file = "libcst-0.4.9-cp311-cp311-manylinux_2_17_aarch64.manylinux2014_aarch64.whl", hash = "sha256:045b3b0b06413cdae6e9751b5f417f789ffa410f2cb2815e3e0e0ea6bef10ec0"},
    {file = "libcst-0.4.9-cp311-cp311-manylinux_2_17_x86_64.manylinux2014_x86_64.whl", hash = "sha256:e799add8fba4976628b9c1a6768d73178bf898f0ed1bd1322930c2d3db9063ba"},
    {file = "libcst-0.4.9-cp311-cp311-manylinux_2_5_i686.manylinux1_i686.manylinux_2_17_i686.manylinux2014_i686.whl", hash = "sha256:10479371d04ee8dc978c889c1774bbf6a83df88fa055fcb0159a606f6679c565"},
    {file = "libcst-0.4.9-cp311-cp311-win_amd64.whl", hash = "sha256:7a98286cbbfa90a42d376900c875161ad02a5a2a6b7c94c0f7afd9075e329ce4"},
    {file = "libcst-0.4.9-cp37-cp37m-macosx_10_9_x86_64.whl", hash = "sha256:400166fc4efb9aa06ce44498d443aa78519082695b1894202dd73cd507d2d712"},
    {file = "libcst-0.4.9-cp37-cp37m-manylinux_2_17_aarch64.manylinux2014_aarch64.whl", hash = "sha256:46123863fba35cc84f7b54dd68826419cabfd9504d8a101c7fe3313ea03776f9"},
    {file = "libcst-0.4.9-cp37-cp37m-manylinux_2_17_x86_64.manylinux2014_x86_64.whl", hash = "sha256:27be8db54c0e5fe440021a771a38b81a7dbc23cd630eb8b0e9828b7717f9b702"},
    {file = "libcst-0.4.9-cp37-cp37m-manylinux_2_5_i686.manylinux1_i686.manylinux_2_17_i686.manylinux2014_i686.whl", hash = "sha256:132bec627b064bd567e7e4cd6c89524d02842151eb0d8f5f3f7ffd2579ec1b09"},
    {file = "libcst-0.4.9-cp37-cp37m-win_amd64.whl", hash = "sha256:596860090aeed3ee6ad1e59c35c6c4110a57e4e896abf51b91cae003ec720a11"},
    {file = "libcst-0.4.9-cp38-cp38-macosx_10_9_x86_64.whl", hash = "sha256:f4487608258109f774300466d4ca97353df29ae6ac23d1502e13e5509423c9d5"},
    {file = "libcst-0.4.9-cp38-cp38-macosx_11_0_arm64.whl", hash = "sha256:aa53993e9a2853efb3ed3605da39f2e7125df6430f613eb67ef886c1ce4f94b5"},
    {file = "libcst-0.4.9-cp38-cp38-manylinux_2_17_aarch64.manylinux2014_aarch64.whl", hash = "sha256:f6ce794483d4c605ef0f5b199a49fb6996f9586ca938b7bfef213bd13858d7ab"},
    {file = "libcst-0.4.9-cp38-cp38-manylinux_2_17_x86_64.manylinux2014_x86_64.whl", hash = "sha256:786e562b54bbcd17a060d1244deeef466b7ee07fe544074c252c4a169e38f1ee"},
    {file = "libcst-0.4.9-cp38-cp38-manylinux_2_5_i686.manylinux1_i686.manylinux_2_17_i686.manylinux2014_i686.whl", hash = "sha256:794250d2359edd518fb698e5d21c38a5bdfc5e4a75d0407b4c19818271ce6742"},
    {file = "libcst-0.4.9-cp38-cp38-win_amd64.whl", hash = "sha256:76491f67431318c3145442e97dddcead7075b074c59eac51be7cc9e3fffec6ee"},
    {file = "libcst-0.4.9-cp39-cp39-macosx_10_9_x86_64.whl", hash = "sha256:3cf48d7aec6dc54b02aec0b1bb413c5bb3b02d852fd6facf1f05c7213e61a176"},
    {file = "libcst-0.4.9-cp39-cp39-macosx_11_0_arm64.whl", hash = "sha256:9b3348c6b7711a5235b133bd8e11d22e903c388db42485b8ceb5f2aa0fae9b9f"},
    {file = "libcst-0.4.9-cp39-cp39-manylinux_2_17_aarch64.manylinux2014_aarch64.whl", hash = "sha256:7e33b66762efaa014c38819efae5d8f726dd823e32d5d691035484411d2a2a69"},
    {file = "libcst-0.4.9-cp39-cp39-manylinux_2_17_x86_64.manylinux2014_x86_64.whl", hash = "sha256:1350d375d3fb9b20a6cf10c09b2964baca9be753a033dde7c1aced49d8e58387"},
    {file = "libcst-0.4.9-cp39-cp39-manylinux_2_5_i686.manylinux1_i686.manylinux_2_17_i686.manylinux2014_i686.whl", hash = "sha256:3822056dc13326082362db35b3f649e0f4a97e36ddb4e487441da8e0fb9db7b3"},
    {file = "libcst-0.4.9-cp39-cp39-win_amd64.whl", hash = "sha256:183636141b839aa35b639e100883813744523bc7c12528906621121731b28443"},
    {file = "libcst-0.4.9.tar.gz", hash = "sha256:01786c403348f76f274dbaf3888ae237ffb73e6ed6973e65eba5c1fc389861dd"},
]

[package.dependencies]
pyyaml = ">=5.2"
typing-extensions = ">=3.7.4.2"
typing-inspect = ">=0.4.0"

[package.extras]
dev = ["Sphinx (>=5.1.1)", "black (==22.10.0)", "coverage (>=4.5.4)", "fixit (==0.1.1)", "flake8 (>=3.7.8,<5)", "hypothesis (>=4.36.0)", "hypothesmith (>=0.0.4)", "jinja2 (==3.1.2)", "jupyter (>=1.0.0)", "maturin (>=0.8.3,<0.14)", "nbsphinx (>=0.4.2)", "prompt-toolkit (>=2.0.9)", "pyre-check (==0.9.9)", "setuptools-rust (>=1.5.2)", "setuptools-scm (>=6.0.1)", "slotscheck (>=0.7.1)", "sphinx-rtd-theme (>=0.4.3)", "ufmt (==2.0.1)", "usort (==1.0.5)"]

[[package]]
name = "markdown-it-py"
version = "2.1.0"
description = "Python port of markdown-it. Markdown parsing, done right!"
category = "main"
optional = false
python-versions = ">=3.7"
files = [
    {file = "markdown-it-py-2.1.0.tar.gz", hash = "sha256:cf7e59fed14b5ae17c0006eff14a2d9a00ed5f3a846148153899a0224e2c07da"},
    {file = "markdown_it_py-2.1.0-py3-none-any.whl", hash = "sha256:93de681e5c021a432c63147656fe21790bc01231e0cd2da73626f1aa3ac0fe27"},
]

[package.dependencies]
mdurl = ">=0.1,<1.0"

[package.extras]
benchmarking = ["psutil", "pytest", "pytest-benchmark (>=3.2,<4.0)"]
code-style = ["pre-commit (==2.6)"]
compare = ["commonmark (>=0.9.1,<0.10.0)", "markdown (>=3.3.6,<3.4.0)", "mistletoe (>=0.8.1,<0.9.0)", "mistune (>=2.0.2,<2.1.0)", "panflute (>=2.1.3,<2.2.0)"]
linkify = ["linkify-it-py (>=1.0,<2.0)"]
plugins = ["mdit-py-plugins"]
profiling = ["gprof2dot"]
rtd = ["attrs", "myst-parser", "pyyaml", "sphinx", "sphinx-copybutton", "sphinx-design", "sphinx_book_theme"]
testing = ["coverage", "pytest", "pytest-cov", "pytest-regressions"]

[[package]]
name = "mdurl"
version = "0.1.2"
description = "Markdown URL utilities"
category = "main"
optional = false
python-versions = ">=3.7"
files = [
    {file = "mdurl-0.1.2-py3-none-any.whl", hash = "sha256:84008a41e51615a49fc9966191ff91509e3c40b939176e643fd50a5c2196b8f8"},
    {file = "mdurl-0.1.2.tar.gz", hash = "sha256:bb413d29f5eea38f31dd4754dd7377d4465116fb207585f97bf925588687c1ba"},
]

[[package]]
name = "mypy-extensions"
version = "1.0.0"
description = "Type system extensions for programs checked with the mypy type checker."
category = "main"
optional = false
python-versions = ">=3.5"
files = [
    {file = "mypy_extensions-1.0.0-py3-none-any.whl", hash = "sha256:4392f6c0eb8a5668a69e23d168ffa70f0be9ccfd32b5cc2d26a34ae5b844552d"},
    {file = "mypy_extensions-1.0.0.tar.gz", hash = "sha256:75dbf8955dc00442a438fc4d0666508a9a97b6bd41aa2f0ffe9d2f2725af0782"},
]

[[package]]
name = "mysqlclient"
version = "2.1.1"
description = "Python interface to MySQL"
category = "main"
optional = false
python-versions = ">=3.5"
files = [
    {file = "mysqlclient-2.1.1-cp310-cp310-win_amd64.whl", hash = "sha256:c1ed71bd6244993b526113cca3df66428609f90e4652f37eb51c33496d478b37"},
    {file = "mysqlclient-2.1.1-cp311-cp311-win_amd64.whl", hash = "sha256:c812b67e90082a840efb82a8978369e6e69fc62ce1bda4ca8f3084a9d862308b"},
    {file = "mysqlclient-2.1.1-cp38-cp38-win_amd64.whl", hash = "sha256:0d1cd3a5a4d28c222fa199002810e8146cffd821410b67851af4cc80aeccd97c"},
    {file = "mysqlclient-2.1.1-cp39-cp39-win_amd64.whl", hash = "sha256:b355c8b5a7d58f2e909acdbb050858390ee1b0e13672ae759e5e784110022994"},
    {file = "mysqlclient-2.1.1-pp38-pypy38_pp73-win_amd64.whl", hash = "sha256:996924f3483fd36a34a5812210c69e71dea5a3d5978d01199b78b7f6d485c855"},
    {file = "mysqlclient-2.1.1-pp39-pypy39_pp73-win_amd64.whl", hash = "sha256:dea88c8d3f5a5d9293dfe7f087c16dd350ceb175f2f6631c9cf4caf3e19b7a96"},
    {file = "mysqlclient-2.1.1.tar.gz", hash = "sha256:828757e419fb11dd6c5ed2576ec92c3efaa93a0f7c39e263586d1ee779c3d782"},
]

[[package]]
name = "promise"
version = "2.3"
description = "Promises/A+ implementation for Python"
category = "main"
optional = false
python-versions = "*"
files = [
    {file = "promise-2.3.tar.gz", hash = "sha256:dfd18337c523ba4b6a58801c164c1904a9d4d1b1747c7d5dbf45b693a49d93d0"},
]

[package.dependencies]
six = "*"

[package.extras]
test = ["coveralls", "futures", "mock", "pytest (>=2.7.3)", "pytest-benchmark", "pytest-cov"]

[[package]]
name = "pygments"
version = "2.14.0"
description = "Pygments is a syntax highlighting package written in Python."
category = "main"
optional = false
python-versions = ">=3.6"
files = [
    {file = "Pygments-2.14.0-py3-none-any.whl", hash = "sha256:fa7bd7bd2771287c0de303af8bfdfc731f51bd2c6a47ab69d117138893b82717"},
    {file = "Pygments-2.14.0.tar.gz", hash = "sha256:b3ed06a9e8ac9a9aae5a6f5dbe78a8a58655d17b43b93c078f094ddc476ae297"},
]

[package.extras]
plugins = ["importlib-metadata"]

[[package]]
name = "python-dateutil"
version = "2.8.2"
description = "Extensions to the standard Python datetime module"
category = "main"
optional = false
python-versions = "!=3.0.*,!=3.1.*,!=3.2.*,>=2.7"
files = [
    {file = "python-dateutil-2.8.2.tar.gz", hash = "sha256:0123cacc1627ae19ddf3c27a5de5bd67ee4586fbdd6440d9748f8abb483d3e86"},
    {file = "python_dateutil-2.8.2-py2.py3-none-any.whl", hash = "sha256:961d03dc3453ebbc59dbdea9e4e11c5651520a876d0f4db161e8674aae935da9"},
]

[package.dependencies]
six = ">=1.5"

[[package]]
name = "python-multipart"
version = "0.0.5"
description = "A streaming multipart parser for Python"
category = "main"
optional = false
python-versions = "*"
files = [
    {file = "python-multipart-0.0.5.tar.gz", hash = "sha256:f7bb5f611fc600d15fa47b3974c8aa16e93724513b49b5f95c81e6624c83fa43"},
]

[package.dependencies]
six = ">=1.4.0"

[[package]]
name = "pytz"
version = "2022.7.1"
description = "World timezone definitions, modern and historical"
category = "main"
optional = false
python-versions = "*"
files = [
    {file = "pytz-2022.7.1-py2.py3-none-any.whl", hash = "sha256:78f4f37d8198e0627c5f1143240bb0206b8691d8d7ac6d78fee88b78733f8c4a"},
    {file = "pytz-2022.7.1.tar.gz", hash = "sha256:01a0681c4b9684a28304615eba55d1ab31ae00bf68ec157ec3708a8182dbbcd0"},
]

[[package]]
name = "pyyaml"
version = "6.0"
description = "YAML parser and emitter for Python"
category = "main"
optional = false
python-versions = ">=3.6"
files = [
    {file = "PyYAML-6.0-cp310-cp310-macosx_10_9_x86_64.whl", hash = "sha256:d4db7c7aef085872ef65a8fd7d6d09a14ae91f691dec3e87ee5ee0539d516f53"},
    {file = "PyYAML-6.0-cp310-cp310-macosx_11_0_arm64.whl", hash = "sha256:9df7ed3b3d2e0ecfe09e14741b857df43adb5a3ddadc919a2d94fbdf78fea53c"},
    {file = "PyYAML-6.0-cp310-cp310-manylinux_2_17_aarch64.manylinux2014_aarch64.whl", hash = "sha256:77f396e6ef4c73fdc33a9157446466f1cff553d979bd00ecb64385760c6babdc"},
    {file = "PyYAML-6.0-cp310-cp310-manylinux_2_17_s390x.manylinux2014_s390x.whl", hash = "sha256:a80a78046a72361de73f8f395f1f1e49f956c6be882eed58505a15f3e430962b"},
    {file = "PyYAML-6.0-cp310-cp310-manylinux_2_5_x86_64.manylinux1_x86_64.manylinux_2_12_x86_64.manylinux2010_x86_64.whl", hash = "sha256:f84fbc98b019fef2ee9a1cb3ce93e3187a6df0b2538a651bfb890254ba9f90b5"},
    {file = "PyYAML-6.0-cp310-cp310-win32.whl", hash = "sha256:2cd5df3de48857ed0544b34e2d40e9fac445930039f3cfe4bcc592a1f836d513"},
    {file = "PyYAML-6.0-cp310-cp310-win_amd64.whl", hash = "sha256:daf496c58a8c52083df09b80c860005194014c3698698d1a57cbcfa182142a3a"},
    {file = "PyYAML-6.0-cp311-cp311-macosx_10_9_x86_64.whl", hash = "sha256:d4b0ba9512519522b118090257be113b9468d804b19d63c71dbcf4a48fa32358"},
    {file = "PyYAML-6.0-cp311-cp311-macosx_11_0_arm64.whl", hash = "sha256:81957921f441d50af23654aa6c5e5eaf9b06aba7f0a19c18a538dc7ef291c5a1"},
    {file = "PyYAML-6.0-cp311-cp311-manylinux_2_17_aarch64.manylinux2014_aarch64.whl", hash = "sha256:afa17f5bc4d1b10afd4466fd3a44dc0e245382deca5b3c353d8b757f9e3ecb8d"},
    {file = "PyYAML-6.0-cp311-cp311-manylinux_2_17_s390x.manylinux2014_s390x.whl", hash = "sha256:dbad0e9d368bb989f4515da330b88a057617d16b6a8245084f1b05400f24609f"},
    {file = "PyYAML-6.0-cp311-cp311-manylinux_2_17_x86_64.manylinux2014_x86_64.whl", hash = "sha256:432557aa2c09802be39460360ddffd48156e30721f5e8d917f01d31694216782"},
    {file = "PyYAML-6.0-cp311-cp311-win32.whl", hash = "sha256:bfaef573a63ba8923503d27530362590ff4f576c626d86a9fed95822a8255fd7"},
    {file = "PyYAML-6.0-cp311-cp311-win_amd64.whl", hash = "sha256:01b45c0191e6d66c470b6cf1b9531a771a83c1c4208272ead47a3ae4f2f603bf"},
    {file = "PyYAML-6.0-cp36-cp36m-macosx_10_9_x86_64.whl", hash = "sha256:897b80890765f037df3403d22bab41627ca8811ae55e9a722fd0392850ec4d86"},
    {file = "PyYAML-6.0-cp36-cp36m-manylinux_2_17_aarch64.manylinux2014_aarch64.whl", hash = "sha256:50602afada6d6cbfad699b0c7bb50d5ccffa7e46a3d738092afddc1f9758427f"},
    {file = "PyYAML-6.0-cp36-cp36m-manylinux_2_17_s390x.manylinux2014_s390x.whl", hash = "sha256:48c346915c114f5fdb3ead70312bd042a953a8ce5c7106d5bfb1a5254e47da92"},
    {file = "PyYAML-6.0-cp36-cp36m-manylinux_2_5_x86_64.manylinux1_x86_64.manylinux_2_12_x86_64.manylinux2010_x86_64.whl", hash = "sha256:98c4d36e99714e55cfbaaee6dd5badbc9a1ec339ebfc3b1f52e293aee6bb71a4"},
    {file = "PyYAML-6.0-cp36-cp36m-win32.whl", hash = "sha256:0283c35a6a9fbf047493e3a0ce8d79ef5030852c51e9d911a27badfde0605293"},
    {file = "PyYAML-6.0-cp36-cp36m-win_amd64.whl", hash = "sha256:07751360502caac1c067a8132d150cf3d61339af5691fe9e87803040dbc5db57"},
    {file = "PyYAML-6.0-cp37-cp37m-macosx_10_9_x86_64.whl", hash = "sha256:819b3830a1543db06c4d4b865e70ded25be52a2e0631ccd2f6a47a2822f2fd7c"},
    {file = "PyYAML-6.0-cp37-cp37m-manylinux_2_17_aarch64.manylinux2014_aarch64.whl", hash = "sha256:473f9edb243cb1935ab5a084eb238d842fb8f404ed2193a915d1784b5a6b5fc0"},
    {file = "PyYAML-6.0-cp37-cp37m-manylinux_2_17_s390x.manylinux2014_s390x.whl", hash = "sha256:0ce82d761c532fe4ec3f87fc45688bdd3a4c1dc5e0b4a19814b9009a29baefd4"},
    {file = "PyYAML-6.0-cp37-cp37m-manylinux_2_5_x86_64.manylinux1_x86_64.manylinux_2_12_x86_64.manylinux2010_x86_64.whl", hash = "sha256:231710d57adfd809ef5d34183b8ed1eeae3f76459c18fb4a0b373ad56bedcdd9"},
    {file = "PyYAML-6.0-cp37-cp37m-win32.whl", hash = "sha256:c5687b8d43cf58545ade1fe3e055f70eac7a5a1a0bf42824308d868289a95737"},
    {file = "PyYAML-6.0-cp37-cp37m-win_amd64.whl", hash = "sha256:d15a181d1ecd0d4270dc32edb46f7cb7733c7c508857278d3d378d14d606db2d"},
    {file = "PyYAML-6.0-cp38-cp38-macosx_10_9_x86_64.whl", hash = "sha256:0b4624f379dab24d3725ffde76559cff63d9ec94e1736b556dacdfebe5ab6d4b"},
    {file = "PyYAML-6.0-cp38-cp38-manylinux_2_17_aarch64.manylinux2014_aarch64.whl", hash = "sha256:213c60cd50106436cc818accf5baa1aba61c0189ff610f64f4a3e8c6726218ba"},
    {file = "PyYAML-6.0-cp38-cp38-manylinux_2_17_s390x.manylinux2014_s390x.whl", hash = "sha256:9fa600030013c4de8165339db93d182b9431076eb98eb40ee068700c9c813e34"},
    {file = "PyYAML-6.0-cp38-cp38-manylinux_2_5_x86_64.manylinux1_x86_64.manylinux_2_12_x86_64.manylinux2010_x86_64.whl", hash = "sha256:277a0ef2981ca40581a47093e9e2d13b3f1fbbeffae064c1d21bfceba2030287"},
    {file = "PyYAML-6.0-cp38-cp38-win32.whl", hash = "sha256:d4eccecf9adf6fbcc6861a38015c2a64f38b9d94838ac1810a9023a0609e1b78"},
    {file = "PyYAML-6.0-cp38-cp38-win_amd64.whl", hash = "sha256:1e4747bc279b4f613a09eb64bba2ba602d8a6664c6ce6396a4d0cd413a50ce07"},
    {file = "PyYAML-6.0-cp39-cp39-macosx_10_9_x86_64.whl", hash = "sha256:055d937d65826939cb044fc8c9b08889e8c743fdc6a32b33e2390f66013e449b"},
    {file = "PyYAML-6.0-cp39-cp39-macosx_11_0_arm64.whl", hash = "sha256:e61ceaab6f49fb8bdfaa0f92c4b57bcfbea54c09277b1b4f7ac376bfb7a7c174"},
    {file = "PyYAML-6.0-cp39-cp39-manylinux_2_17_aarch64.manylinux2014_aarch64.whl", hash = "sha256:d67d839ede4ed1b28a4e8909735fc992a923cdb84e618544973d7dfc71540803"},
    {file = "PyYAML-6.0-cp39-cp39-manylinux_2_17_s390x.manylinux2014_s390x.whl", hash = "sha256:cba8c411ef271aa037d7357a2bc8f9ee8b58b9965831d9e51baf703280dc73d3"},
    {file = "PyYAML-6.0-cp39-cp39-manylinux_2_5_x86_64.manylinux1_x86_64.manylinux_2_12_x86_64.manylinux2010_x86_64.whl", hash = "sha256:40527857252b61eacd1d9af500c3337ba8deb8fc298940291486c465c8b46ec0"},
    {file = "PyYAML-6.0-cp39-cp39-win32.whl", hash = "sha256:b5b9eccad747aabaaffbc6064800670f0c297e52c12754eb1d976c57e4f74dcb"},
    {file = "PyYAML-6.0-cp39-cp39-win_amd64.whl", hash = "sha256:b3d267842bf12586ba6c734f89d1f5b871df0273157918b0ccefa29deb05c21c"},
    {file = "PyYAML-6.0.tar.gz", hash = "sha256:68fb519c14306fec9720a2a5b45bc9f0c8d1b9c72adf45c37baedfcd949c35a2"},
]

[[package]]
name = "rich"
version = "13.3.1"
description = "Render rich text, tables, progress bars, syntax highlighting, markdown and more to the terminal"
category = "main"
optional = false
python-versions = ">=3.7.0"
files = [
    {file = "rich-13.3.1-py3-none-any.whl", hash = "sha256:8aa57747f3fc3e977684f0176a88e789be314a99f99b43b75d1e9cb5dc6db9e9"},
    {file = "rich-13.3.1.tar.gz", hash = "sha256:125d96d20c92b946b983d0d392b84ff945461e5a06d3867e9f9e575f8697b67f"},
]

[package.dependencies]
markdown-it-py = ">=2.1.0,<3.0.0"
pygments = ">=2.14.0,<3.0.0"

[package.extras]
jupyter = ["ipywidgets (>=7.5.1,<9)"]

[[package]]
name = "six"
version = "1.16.0"
description = "Python 2 and 3 compatibility utilities"
category = "main"
optional = false
python-versions = ">=2.7, !=3.0.*, !=3.1.*, !=3.2.*"
files = [
    {file = "six-1.16.0-py2.py3-none-any.whl", hash = "sha256:8abb2f1d86890a2dfb989f9a77cfcfd3e47c2a354b01111771326f8aa26e0254"},
    {file = "six-1.16.0.tar.gz", hash = "sha256:1e61c37477a1626458e36f7b1d82aa5c9b094fa4802892072e49de9c60c4c926"},
]

[[package]]
name = "sniffio"
version = "1.3.0"
description = "Sniff out which async library your code is running under"
category = "main"
optional = false
python-versions = ">=3.7"
files = [
    {file = "sniffio-1.3.0-py3-none-any.whl", hash = "sha256:eecefdce1e5bbfb7ad2eeaabf7c1eeb404d7757c379bd1f7e5cce9d8bf425384"},
    {file = "sniffio-1.3.0.tar.gz", hash = "sha256:e60305c5e5d314f5389259b7f22aaa33d8f7dee49763119234af3755c55b9101"},
]

[[package]]
name = "sqlparse"
version = "0.4.3"
description = "A non-validating SQL parser."
category = "main"
optional = false
python-versions = ">=3.5"
files = [
    {file = "sqlparse-0.4.3-py3-none-any.whl", hash = "sha256:0323c0ec29cd52bceabc1b4d9d579e311f3e4961b98d174201d5622a23b85e34"},
    {file = "sqlparse-0.4.3.tar.gz", hash = "sha256:69ca804846bb114d2ec380e4360a8a340db83f0ccf3afceeb1404df028f57268"},
]

[[package]]
name = "starlette"
version = "0.25.0"
description = "The little ASGI library that shines."
category = "main"
optional = false
python-versions = ">=3.7"
files = [
    {file = "starlette-0.25.0-py3-none-any.whl", hash = "sha256:774f1df1983fd594b9b6fb3ded39c2aa1979d10ac45caac0f4255cbe2acb8628"},
    {file = "starlette-0.25.0.tar.gz", hash = "sha256:854c71e73736c429c2bdb07801f2c76c9cba497e7c3cf4988fde5e95fe4cdb3c"},
]

[package.dependencies]
anyio = ">=3.4.0,<5"

[package.extras]
full = ["httpx (>=0.22.0)", "itsdangerous", "jinja2", "python-multipart", "pyyaml"]

[[package]]
name = "strawberry-django-plus"
version = "2.0.4"
description = "Enhanced Strawberry GraphQL integration with Django"
category = "main"
optional = false
python-versions = ">=3.8,<4.0"
files = [
    {file = "strawberry_django_plus-2.0.4-py3-none-any.whl", hash = "sha256:4dff8265dcd209cb50bf2d430e295dbd96eb8b58ddb9809a4ab8e3a1c7289015"},
    {file = "strawberry_django_plus-2.0.4.tar.gz", hash = "sha256:576c5a149b444e8a2b3561afb4006f293966ec89b8b7a66cfce36b85e9e66f6f"},
]

[package.dependencies]
django = ">=3.2"
strawberry-graphql = ">=0.140.3"
strawberry-graphql-django = ">=0.8"
typing-extensions = ">=4.2.0"

[package.extras]
debug-toolbar = ["django-debug-toolbar (>=3.4)"]
enum = ["django-choices-field (>=2.0)"]

[[package]]
name = "strawberry-graphql"
version = "0.156.4"
description = "A library for creating GraphQL APIs"
category = "main"
optional = false
python-versions = ">=3.7,<4.0"
files = [
    {file = "strawberry_graphql-0.156.4-py3-none-any.whl", hash = "sha256:9bafa2854255aa6b30d20dba3c8acb55ee32b8538883abd1e50c9a57c7597c21"},
    {file = "strawberry_graphql-0.156.4.tar.gz", hash = "sha256:182ff634e3012f0c92a8a44f1d0b137d06f09aa9c56823bcf70f759a9a20857c"},
]

[package.dependencies]
click = {version = ">=7.0,<9.0", optional = true, markers = "extra == \"debug-server\" or extra == \"cli\""}
graphql-core = ">=3.2.0,<3.3.0"
libcst = {version = ">=0.4.7", optional = true, markers = "extra == \"debug\" or extra == \"debug-server\" or extra == \"cli\""}
pygments = {version = ">=2.3,<3.0", optional = true, markers = "extra == \"debug-server\" or extra == \"cli\""}
python-dateutil = ">=2.7.0,<3.0.0"
python-multipart = {version = ">=0.0.5,<0.0.6", optional = true, markers = "extra == \"asgi\" or extra == \"debug-server\" or extra == \"fastapi\""}
rich = {version = ">=12.0.0", optional = true, markers = "extra == \"debug\" or extra == \"debug-server\" or extra == \"cli\""}
starlette = {version = ">=0.13.6", optional = true, markers = "extra == \"asgi\" or extra == \"debug-server\""}
typing_extensions = ">=3.7.4,<5.0.0"
uvicorn = {version = ">=0.11.6,<0.21.0", optional = true, markers = "extra == \"debug-server\""}

[package.extras]
aiohttp = ["aiohttp (>=3.7.4.post0,<4.0.0)"]
asgi = ["python-multipart (>=0.0.5,<0.0.6)", "starlette (>=0.13.6)"]
chalice = ["chalice (>=1.22,<2.0)"]
channels = ["asgiref (>=3.2,<4.0)", "channels (>=3.0.5)"]
cli = ["click (>=7.0,<9.0)", "libcst (>=0.4.7)", "pygments (>=2.3,<3.0)", "rich (>=12.0.0)"]
debug = ["libcst (>=0.4.7)", "rich (>=12.0.0)"]
debug-server = ["click (>=7.0,<9.0)", "libcst (>=0.4.7)", "pygments (>=2.3,<3.0)", "python-multipart (>=0.0.5,<0.0.6)", "rich (>=12.0.0)", "starlette (>=0.13.6)", "uvicorn (>=0.11.6,<0.21.0)"]
django = ["Django (>=3.2)", "asgiref (>=3.2,<4.0)"]
fastapi = ["fastapi (>=0.65.2)", "python-multipart (>=0.0.5,<0.0.6)"]
flask = ["flask (>=1.1)"]
opentelemetry = ["opentelemetry-api (<2)", "opentelemetry-sdk (<2)"]
pydantic = ["pydantic (<2)"]
sanic = ["sanic (>=20.12.2)"]

[[package]]
name = "strawberry-graphql-django"
version = "0.9.2"
description = "Strawberry GraphQL Django extension"
category = "main"
optional = false
python-versions = ">=3.7,<4.0"
files = [
    {file = "strawberry_graphql_django-0.9.2-py3-none-any.whl", hash = "sha256:dcefad606992194cc8c3e7fbef66dad15d3e4a15b7f5bfb9bcae842fd5d033e2"},
    {file = "strawberry_graphql_django-0.9.2.tar.gz", hash = "sha256:155a744ce6deb5fd0e6061d24f1786d340af70412c8b356739e39be49c2fafb2"},
]

[package.dependencies]
Django = ">=3.2"
strawberry-graphql = ">=0.154.0"

[[package]]
name = "text-unidecode"
version = "1.3"
description = "The most basic Text::Unidecode port"
category = "main"
optional = false
python-versions = "*"
files = [
    {file = "text-unidecode-1.3.tar.gz", hash = "sha256:bad6603bb14d279193107714b288be206cac565dfa49aa5b105294dd5c4aab93"},
    {file = "text_unidecode-1.3-py2.py3-none-any.whl", hash = "sha256:1311f10e8b895935241623731c2ba64f4c455287888b18189350b67134a822e8"},
]

[[package]]
name = "typing-extensions"
version = "4.5.0"
description = "Backported and Experimental Type Hints for Python 3.7+"
category = "main"
optional = false
python-versions = ">=3.7"
files = [
    {file = "typing_extensions-4.5.0-py3-none-any.whl", hash = "sha256:fb33085c39dd998ac16d1431ebc293a8b3eedd00fd4a32de0ff79002c19511b4"},
    {file = "typing_extensions-4.5.0.tar.gz", hash = "sha256:5cb5f4a79139d699607b3ef622a1dedafa84e115ab0024e0d9c044a9479ca7cb"},
]

[[package]]
name = "typing-inspect"
version = "0.8.0"
description = "Runtime inspection utilities for typing module."
category = "main"
optional = false
python-versions = "*"
files = [
    {file = "typing_inspect-0.8.0-py3-none-any.whl", hash = "sha256:5fbf9c1e65d4fa01e701fe12a5bca6c6e08a4ffd5bc60bfac028253a447c5188"},
    {file = "typing_inspect-0.8.0.tar.gz", hash = "sha256:8b1ff0c400943b6145df8119c41c244ca8207f1f10c9c057aeed1560e4806e3d"},
]

[package.dependencies]
mypy-extensions = ">=0.3.0"
typing-extensions = ">=3.7.4"

[[package]]
name = "tzdata"
version = "2022.7"
description = "Provider of IANA time zone data"
category = "main"
optional = false
python-versions = ">=2"
files = [
    {file = "tzdata-2022.7-py2.py3-none-any.whl", hash = "sha256:2b88858b0e3120792a3c0635c23daf36a7d7eeeca657c323da299d2094402a0d"},
    {file = "tzdata-2022.7.tar.gz", hash = "sha256:fe5f866eddd8b96e9fcba978f8e503c909b19ea7efda11e52e39494bad3a7bfa"},
]

[[package]]
name = "uvicorn"
version = "0.20.0"
description = "The lightning-fast ASGI server."
category = "main"
optional = false
python-versions = ">=3.7"
files = [
    {file = "uvicorn-0.20.0-py3-none-any.whl", hash = "sha256:c3ed1598a5668208723f2bb49336f4509424ad198d6ab2615b7783db58d919fd"},
    {file = "uvicorn-0.20.0.tar.gz", hash = "sha256:a4e12017b940247f836bc90b72e725d7dfd0c8ed1c51eb365f5ba30d9f5127d8"},
]

[package.dependencies]
click = ">=7.0"
h11 = ">=0.8"

[package.extras]
standard = ["colorama (>=0.4)", "httptools (>=0.5.0)", "python-dotenv (>=0.13)", "pyyaml (>=5.1)", "uvloop (>=0.14.0,!=0.15.0,!=0.15.1)", "watchfiles (>=0.13)", "websockets (>=10.4)"]

[metadata]
lock-version = "2.0"
python-versions = "^3.11"
content-hash = "e87c7ccd669a7a1aa4fb3ad711594bc4d82f036b57f96cb10d733dc52ef6ab95"
